// !$*UTF8*$!
{
	archiveVersion = 1;
	classes = {
	};
	objectVersion = 77;
	objects = {

/* Begin PBXBuildFile section */
		6ED15EB72CD55F12005E38B1 /* Cocoa.framework in Frameworks */ = {isa = PBXBuildFile; fileRef = 6ED15EB62CD55F12005E38B1 /* Cocoa.framework */; };
		6ED15EC32CD55F12005E38B1 /* Foundation.framework in Frameworks */ = {isa = PBXBuildFile; fileRef = 6ED15EC22CD55F12005E38B1 /* Foundation.framework */; };
		6ED15EC52CD55F12005E38B1 /* AppKit.framework in Frameworks */ = {isa = PBXBuildFile; fileRef = 6ED15EC42CD55F12005E38B1 /* AppKit.framework */; };
		6ED15EC72CD55F12005E38B1 /* Accelerate.framework in Frameworks */ = {isa = PBXBuildFile; fileRef = 6ED15EC62CD55F12005E38B1 /* Accelerate.framework */; };
		6ED15EC92CD55F12005E38B1 /* PluginManager.framework in Frameworks */ = {isa = PBXBuildFile; fileRef = 6ED15EC82CD55F12005E38B1 /* PluginManager.framework */; };
		6ED15ECB2CD55F12005E38B1 /* FxPlug.framework in Frameworks */ = {isa = PBXBuildFile; fileRef = 6ED15ECA2CD55F12005E38B1 /* FxPlug.framework */; };
		6ED15F652CD59553005E38B1 /* Plugin.pluginkit in Embed PlugIns */ = {isa = PBXBuildFile; fileRef = 6ED15EBE2CD55F12005E38B1 /* Plugin.pluginkit */; settings = {ATTRIBUTES = (CodeSignOnCopy, RemoveHeadersOnCopy, ); }; };
		6EDFED492CE2B158003C1B4F /* libSwiftUIFX.dylib in Frameworks */ = {isa = PBXBuildFile; fileRef = 6EDFED482CE2B158003C1B4F /* libSwiftUIFX.dylib */; };
		6EDFED4A2CE2B158003C1B4F /* libSwiftUIFX.dylib in Embed Libraries */ = {isa = PBXBuildFile; fileRef = 6EDFED482CE2B158003C1B4F /* libSwiftUIFX.dylib */; settings = {ATTRIBUTES = (CodeSignOnCopy, ); }; };
/* End PBXBuildFile section */

/* Begin PBXContainerItemProxy section */
		6ED15EC02CD55F12005E38B1 /* PBXContainerItemProxy */ = {
			isa = PBXContainerItemProxy;
			containerPortal = 6ED15EAB2CD55F12005E38B1 /* Project object */;
			proxyType = 1;
			remoteGlobalIDString = 6ED15EBD2CD55F12005E38B1;
			remoteInfo = "XPC Service";
		};
/* End PBXContainerItemProxy section */

/* Begin PBXCopyFilesBuildPhase section */
		6ED15EF42CD55F12005E38B1 /* Embed PlugIns */ = {
			isa = PBXCopyFilesBuildPhase;
			buildActionMask = 2147483647;
			dstPath = "";
			dstSubfolderSpec = 13;
			files = (
				6ED15F652CD59553005E38B1 /* Plugin.pluginkit in Embed PlugIns */,
			);
			name = "Embed PlugIns";
			runOnlyForDeploymentPostprocessing = 0;
		};
		6EDFED4B2CE2B158003C1B4F /* Embed Libraries */ = {
			isa = PBXCopyFilesBuildPhase;
			buildActionMask = 2147483647;
			dstPath = "";
			dstSubfolderSpec = 10;
			files = (
				6EDFED4A2CE2B158003C1B4F /* libSwiftUIFX.dylib in Embed Libraries */,
			);
			name = "Embed Libraries";
			runOnlyForDeploymentPostprocessing = 0;
		};
/* End PBXCopyFilesBuildPhase section */

/* Begin PBXFileReference section */
		6ED15EB32CD55F12005E38B1 /* SwiftUIFX Mac.app */ = {isa = PBXFileReference; explicitFileType = wrapper.application; includeInIndex = 0; path = "SwiftUIFX Mac.app"; sourceTree = BUILT_PRODUCTS_DIR; };
		6ED15EB62CD55F12005E38B1 /* Cocoa.framework */ = {isa = PBXFileReference; lastKnownFileType = wrapper.framework; name = Cocoa.framework; path = System/Library/Frameworks/Cocoa.framework; sourceTree = SDKROOT; };
		6ED15EBE2CD55F12005E38B1 /* Plugin.pluginkit */ = {isa = PBXFileReference; explicitFileType = wrapper.cfbundle; includeInIndex = 0; path = Plugin.pluginkit; sourceTree = BUILT_PRODUCTS_DIR; };
		6ED15EC22CD55F12005E38B1 /* Foundation.framework */ = {isa = PBXFileReference; lastKnownFileType = wrapper.framework; name = Foundation.framework; path = System/Library/Frameworks/Foundation.framework; sourceTree = SDKROOT; };
		6ED15EC42CD55F12005E38B1 /* AppKit.framework */ = {isa = PBXFileReference; lastKnownFileType = wrapper.framework; name = AppKit.framework; path = System/Library/Frameworks/AppKit.framework; sourceTree = SDKROOT; };
		6ED15EC62CD55F12005E38B1 /* Accelerate.framework */ = {isa = PBXFileReference; lastKnownFileType = wrapper.framework; name = Accelerate.framework; path = System/Library/Frameworks/Accelerate.framework; sourceTree = SDKROOT; };
		6ED15EC82CD55F12005E38B1 /* PluginManager.framework */ = {isa = PBXFileReference; lastKnownFileType = wrapper.framework; name = PluginManager.framework; path = Library/Frameworks/../../../../../../Library/Developer/Frameworks/PluginManager.framework; sourceTree = DEVELOPER_DIR; };
		6ED15ECA2CD55F12005E38B1 /* FxPlug.framework */ = {isa = PBXFileReference; lastKnownFileType = wrapper.framework; name = FxPlug.framework; path = Library/Frameworks/../../../../../../Library/Developer/Frameworks/FxPlug.framework; sourceTree = DEVELOPER_DIR; };
		6ED1605E2CD936FF005E38B1 /* Config.xcconfig */ = {isa = PBXFileReference; lastKnownFileType = text.xcconfig; path = Config.xcconfig; sourceTree = "<group>"; };
		6EDFED482CE2B158003C1B4F /* libSwiftUIFX.dylib */ = {isa = PBXFileReference; lastKnownFileType = "compiled.mach-o.dylib"; name = libSwiftUIFX.dylib; path = .build/release/libSwiftUIFX.dylib; sourceTree = "<group>"; };
/* End PBXFileReference section */

/* Begin PBXFileSystemSynchronizedBuildFileExceptionSet section */
		6EAB614C2CD9538D0061B077 /* Exceptions for "macOS App" folder in "macOS App" target */ = {
			isa = PBXFileSystemSynchronizedBuildFileExceptionSet;
			membershipExceptions = (
				"Supporting Files/Info.plist",
			);
			target = 6ED15EB22CD55F12005E38B1 /* macOS App */;
		};
		6ED15F592CD5601D005E38B1 /* Exceptions for "Plugin" folder in "macOS App" target */ = {
			isa = PBXFileSystemSynchronizedBuildFileExceptionSet;
			membershipExceptions = (
				"Extensions/CMTime+Extensions.swift",
				"Extensions/CMTimeRange+Extensions.swift",
				"Extensions/FxRect+Extensions.swift",
				"Extensions/FxTimingAPI_v4+Extensions.swift",
				"Extensions/PROAPIAccessing+Extensions.swift",
				Generators/SwiftUIViewGenerator.swift,
				main.swift,
				"Supporting Files/Info.plist",
				TileableEffect.swift,
			);
			target = 6ED15EB22CD55F12005E38B1 /* macOS App */;
		};
		6ED15F5C2CD56020005E38B1 /* Exceptions for "Plugin" folder in "Plugin" target */ = {
			isa = PBXFileSystemSynchronizedBuildFileExceptionSet;
			membershipExceptions = (
				"Supporting Files/Info.plist",
			);
			target = 6ED15EBD2CD55F12005E38B1 /* Plugin */;
		};
/* End PBXFileSystemSynchronizedBuildFileExceptionSet section */

/* Begin PBXFileSystemSynchronizedRootGroup section */
		6E722F482CD951F6006A8679 /* macOS App */ = {
			isa = PBXFileSystemSynchronizedRootGroup;
			exceptions = (
				6EAB614C2CD9538D0061B077 /* Exceptions for "macOS App" folder in "macOS App" target */,
			);
			path = "macOS App";
			sourceTree = "<group>";
		};
		6ED15F352CD55F55005E38B1 /* Plugin */ = {
			isa = PBXFileSystemSynchronizedRootGroup;
			exceptions = (
				6ED15F592CD5601D005E38B1 /* Exceptions for "Plugin" folder in "macOS App" target */,
				6ED15F5C2CD56020005E38B1 /* Exceptions for "Plugin" folder in "Plugin" target */,
			);
			path = Plugin;
			sourceTree = "<group>";
		};
/* End PBXFileSystemSynchronizedRootGroup section */

/* Begin PBXFrameworksBuildPhase section */
		6ED15EB02CD55F12005E38B1 /* Frameworks */ = {
			isa = PBXFrameworksBuildPhase;
			buildActionMask = 2147483647;
			files = (
				6ED15EB72CD55F12005E38B1 /* Cocoa.framework in Frameworks */,
			);
			runOnlyForDeploymentPostprocessing = 0;
		};
		6ED15EB92CD55F12005E38B1 /* Frameworks */ = {
			isa = PBXFrameworksBuildPhase;
			buildActionMask = 2147483647;
			files = (
				6ED15EC72CD55F12005E38B1 /* Accelerate.framework in Frameworks */,
				6ED15EC92CD55F12005E38B1 /* PluginManager.framework in Frameworks */,
				6EDFED492CE2B158003C1B4F /* libSwiftUIFX.dylib in Frameworks */,
				6ED15EC32CD55F12005E38B1 /* Foundation.framework in Frameworks */,
				6ED15EC52CD55F12005E38B1 /* AppKit.framework in Frameworks */,
				6ED15ECB2CD55F12005E38B1 /* FxPlug.framework in Frameworks */,
			);
			runOnlyForDeploymentPostprocessing = 0;
		};
/* End PBXFrameworksBuildPhase section */

/* Begin PBXGroup section */
		6ED15EAA2CD55F12005E38B1 = {
			isa = PBXGroup;
			children = (
				6E722F482CD951F6006A8679 /* macOS App */,
				6ED1605E2CD936FF005E38B1 /* Config.xcconfig */,
				6ED15F352CD55F55005E38B1 /* Plugin */,
				6ED15EB52CD55F12005E38B1 /* Frameworks */,
				6ED15EB42CD55F12005E38B1 /* Products */,
			);
			sourceTree = "<group>";
		};
		6ED15EB42CD55F12005E38B1 /* Products */ = {
			isa = PBXGroup;
			children = (
				6ED15EB32CD55F12005E38B1 /* SwiftUIFX Mac.app */,
				6ED15EBE2CD55F12005E38B1 /* Plugin.pluginkit */,
			);
			name = Products;
			sourceTree = "<group>";
		};
		6ED15EB52CD55F12005E38B1 /* Frameworks */ = {
			isa = PBXGroup;
			children = (
				6EDFED482CE2B158003C1B4F /* libSwiftUIFX.dylib */,
				6ED15EB62CD55F12005E38B1 /* Cocoa.framework */,
				6ED15EC22CD55F12005E38B1 /* Foundation.framework */,
				6ED15EC42CD55F12005E38B1 /* AppKit.framework */,
				6ED15EC62CD55F12005E38B1 /* Accelerate.framework */,
				6ED15EC82CD55F12005E38B1 /* PluginManager.framework */,
				6ED15ECA2CD55F12005E38B1 /* FxPlug.framework */,
			);
			name = Frameworks;
			sourceTree = "<group>";
		};
/* End PBXGroup section */

/* Begin PBXNativeTarget section */
		6ED15EB22CD55F12005E38B1 /* macOS App */ = {
			isa = PBXNativeTarget;
			buildConfigurationList = 6ED15EF52CD55F12005E38B1 /* Build configuration list for PBXNativeTarget "macOS App" */;
			buildPhases = (
				6ED15EAF2CD55F12005E38B1 /* Sources */,
				6ED15EB02CD55F12005E38B1 /* Frameworks */,
				6ED15EB12CD55F12005E38B1 /* Resources */,
				6ED15EF42CD55F12005E38B1 /* Embed PlugIns */,
			);
			buildRules = (
			);
			dependencies = (
				6ED15EC12CD55F12005E38B1 /* PBXTargetDependency */,
			);
			fileSystemSynchronizedGroups = (
				6E722F482CD951F6006A8679 /* macOS App */,
				6ED15F352CD55F55005E38B1 /* Plugin */,
			);
			name = "macOS App";
			packageProductDependencies = (
			);
			productName = "Wrapper Application";
			productReference = 6ED15EB32CD55F12005E38B1 /* SwiftUIFX Mac.app */;
			productType = "com.apple.product-type.application";
		};
		6ED15EBD2CD55F12005E38B1 /* Plugin */ = {
			isa = PBXNativeTarget;
			buildConfigurationList = 6ED15EF12CD55F12005E38B1 /* Build configuration list for PBXNativeTarget "Plugin" */;
			buildPhases = (
				6ED15EB82CD55F12005E38B1 /* Sources */,
				6ED15EB92CD55F12005E38B1 /* Frameworks */,
				6ED15EBA2CD55F12005E38B1 /* Resources */,
				6ED15EBB2CD55F12005E38B1 /* Copy and Code Sign FxPlug.framework */,
				6ED15EBC2CD55F12005E38B1 /* Copy and Code Sign PluginManager.framework */,
				6EDFED4B2CE2B158003C1B4F /* Embed Libraries */,
			);
			buildRules = (
			);
			dependencies = (
				6EDFED752CE2B3A5003C1B4F /* PBXTargetDependency */,
			);
			fileSystemSynchronizedGroups = (
				6ED15F352CD55F55005E38B1 /* Plugin */,
			);
			name = Plugin;
			packageProductDependencies = (
			);
			productName = "XPC Service";
			productReference = 6ED15EBE2CD55F12005E38B1 /* Plugin.pluginkit */;
			productType = "com.apple.product-type.bundle";
		};
/* End PBXNativeTarget section */

/* Begin PBXProject section */
		6ED15EAB2CD55F12005E38B1 /* Project object */ = {
			isa = PBXProject;
			attributes = {
				BuildIndependentTargetsInParallel = 1;
				LastSwiftUpdateCheck = 1620;
				LastUpgradeCheck = 1620;
				TargetAttributes = {
					6ED15EB22CD55F12005E38B1 = {
						CreatedOnToolsVersion = 16.2;
					};
					6ED15EBD2CD55F12005E38B1 = {
						CreatedOnToolsVersion = 16.2;
					};
				};
			};
			buildConfigurationList = 6ED15EAE2CD55F12005E38B1 /* Build configuration list for PBXProject "SwiftUIFX" */;
			developmentRegion = en;
			hasScannedForEncodings = 0;
			knownRegions = (
				en,
				Base,
			);
			mainGroup = 6ED15EAA2CD55F12005E38B1;
			minimizedProjectReferenceProxies = 1;
			packageReferences = (
				6EAB61492CD953150061B077 /* XCLocalSwiftPackageReference "../SwiftUIFX" */,
			);
			preferredProjectObjectVersion = 77;
			productRefGroup = 6ED15EB42CD55F12005E38B1 /* Products */;
			projectDirPath = "";
			projectRoot = "";
			targets = (
				6ED15EB22CD55F12005E38B1 /* macOS App */,
				6ED15EBD2CD55F12005E38B1 /* Plugin */,
			);
		};
/* End PBXProject section */

/* Begin PBXResourcesBuildPhase section */
		6ED15EB12CD55F12005E38B1 /* Resources */ = {
			isa = PBXResourcesBuildPhase;
			buildActionMask = 2147483647;
			files = (
			);
			runOnlyForDeploymentPostprocessing = 0;
		};
		6ED15EBA2CD55F12005E38B1 /* Resources */ = {
			isa = PBXResourcesBuildPhase;
			buildActionMask = 2147483647;
			files = (
			);
			runOnlyForDeploymentPostprocessing = 0;
		};
/* End PBXResourcesBuildPhase section */

/* Begin PBXShellScriptBuildPhase section */
		6ED15EBB2CD55F12005E38B1 /* Copy and Code Sign FxPlug.framework */ = {
			isa = PBXShellScriptBuildPhase;
			alwaysOutOfDate = 1;
			buildActionMask = 2147483647;
			files = (
			);
			inputFileListPaths = (
			);
			inputPaths = (
			);
			name = "Copy and Code Sign FxPlug.framework";
			outputFileListPaths = (
			);
			outputPaths = (
			);
			runOnlyForDeploymentPostprocessing = 0;
			shellPath = /bin/sh;
			shellScript = "mkdir -p \"${TARGET_BUILD_DIR}/${FRAMEWORKS_FOLDER_PATH}\"\nrsync --archive --links --whole-file --no-owner --no-group --checksum --exclude='Headers' \"/Library/Developer/Frameworks/FxPlug.framework/\" \"${TARGET_BUILD_DIR}/${FRAMEWORKS_FOLDER_PATH}/FxPlug.framework/\"\nif [ \"$?\" -ne 0 ]; then echo \"error: rsync failed; couldn't embed FxPlug.framework\"; exit 1; fi\ncodesign --force --timestamp --options runtime --sign \"96AA7C23A46426BF1C63DCFBF642E02A7819FF93\" \"${BUILT_PRODUCTS_DIR}/${FRAMEWORKS_FOLDER_PATH}/FxPlug.framework\"\n";
			showEnvVarsInLog = 0;
		};
		6ED15EBC2CD55F12005E38B1 /* Copy and Code Sign PluginManager.framework */ = {
			isa = PBXShellScriptBuildPhase;
			alwaysOutOfDate = 1;
			buildActionMask = 2147483647;
			files = (
			);
			inputFileListPaths = (
			);
			inputPaths = (
			);
			name = "Copy and Code Sign PluginManager.framework";
			outputFileListPaths = (
			);
			outputPaths = (
			);
			runOnlyForDeploymentPostprocessing = 0;
			shellPath = /bin/sh;
			shellScript = "mkdir -p \"${TARGET_BUILD_DIR}/${FRAMEWORKS_FOLDER_PATH}\"\nrsync --archive --links --whole-file --no-owner --no-group --checksum --exclude='Headers' \"/Library/Developer/Frameworks/PluginManager.framework/\" \"${TARGET_BUILD_DIR}/${FRAMEWORKS_FOLDER_PATH}/PluginManager.framework/\"\nif [ \"$?\" -ne 0 ]; then echo \"error: rsync failed; couldn't embed PluginManager.framework\"; exit 1; fi\ncodesign --force --timestamp --options runtime --sign \"96AA7C23A46426BF1C63DCFBF642E02A7819FF93\" \"${BUILT_PRODUCTS_DIR}/${FRAMEWORKS_FOLDER_PATH}/PluginManager.framework\"\n";
			showEnvVarsInLog = 0;
		};
/* End PBXShellScriptBuildPhase section */

/* Begin PBXSourcesBuildPhase section */
		6ED15EAF2CD55F12005E38B1 /* Sources */ = {
			isa = PBXSourcesBuildPhase;
			buildActionMask = 2147483647;
			files = (
			);
			runOnlyForDeploymentPostprocessing = 0;
		};
		6ED15EB82CD55F12005E38B1 /* Sources */ = {
			isa = PBXSourcesBuildPhase;
			buildActionMask = 2147483647;
			files = (
			);
			runOnlyForDeploymentPostprocessing = 0;
		};
/* End PBXSourcesBuildPhase section */

/* Begin PBXTargetDependency section */
		6ED15EC12CD55F12005E38B1 /* PBXTargetDependency */ = {
			isa = PBXTargetDependency;
			target = 6ED15EBD2CD55F12005E38B1 /* Plugin */;
			targetProxy = 6ED15EC02CD55F12005E38B1 /* PBXContainerItemProxy */;
		};
		6EDFED752CE2B3A5003C1B4F /* PBXTargetDependency */ = {
			isa = PBXTargetDependency;
			productRef = 6EDFED742CE2B3A5003C1B4F /* SwiftUIFX */;
		};
/* End PBXTargetDependency section */

/* Begin XCBuildConfiguration section */
		6ED15EF22CD55F12005E38B1 /* Debug */ = {
			isa = XCBuildConfiguration;
			baseConfigurationReference = 6ED1605E2CD936FF005E38B1 /* Config.xcconfig */;
			buildSettings = {
				CODE_SIGN_STYLE = Automatic;
				DEVELOPMENT_TEAM = YF6GMG9Q86;
				ENABLE_USER_SCRIPT_SANDBOXING = NO;
				GCC_PRECOMPILE_PREFIX_HEADER = YES;
				INFOPLIST_FILE = "$(TARGET_NAME)/Supporting Files/Info.plist";
				LD_RUNPATH_SEARCH_PATHS = (
					"$(inherited)",
					"@loader_path/../Frameworks",
				);
				LIBRARY_SEARCH_PATHS = (
					"$(inherited)",
					"$(PROJECT_DIR)/.build/release",
				);
				MACH_O_TYPE = mh_execute;
				PRODUCT_BUNDLE_IDENTIFIER = com.finnvoorhees.SwiftUIFX.plugin;
				PRODUCT_NAME = "$(TARGET_NAME)";
				SWIFT_OBJC_BRIDGING_HEADER = "$(TARGET_NAME)/Supporting Files/$(TARGET_NAME)-Bridging-Header.h";
				WRAPPER_EXTENSION = pluginkit;
			};
			name = Debug;
		};
		6ED15EF32CD55F12005E38B1 /* Release */ = {
			isa = XCBuildConfiguration;
			baseConfigurationReference = 6ED1605E2CD936FF005E38B1 /* Config.xcconfig */;
			buildSettings = {
				CODE_SIGN_STYLE = Automatic;
				DEVELOPMENT_TEAM = YF6GMG9Q86;
				ENABLE_USER_SCRIPT_SANDBOXING = NO;
				GCC_PRECOMPILE_PREFIX_HEADER = YES;
				INFOPLIST_FILE = "$(TARGET_NAME)/Supporting Files/Info.plist";
				LD_RUNPATH_SEARCH_PATHS = (
					"$(inherited)",
					"@loader_path/../Frameworks",
				);
				LIBRARY_SEARCH_PATHS = (
					"$(inherited)",
					"$(PROJECT_DIR)/.build/release",
				);
				MACH_O_TYPE = mh_execute;
				PRODUCT_BUNDLE_IDENTIFIER = com.finnvoorhees.SwiftUIFX.plugin;
				PRODUCT_NAME = "$(TARGET_NAME)";
				SWIFT_OBJC_BRIDGING_HEADER = "$(TARGET_NAME)/Supporting Files/$(TARGET_NAME)-Bridging-Header.h";
				WRAPPER_EXTENSION = pluginkit;
			};
			name = Release;
		};
		6ED15EF62CD55F12005E38B1 /* Debug */ = {
			isa = XCBuildConfiguration;
			baseConfigurationReference = 6ED1605E2CD936FF005E38B1 /* Config.xcconfig */;
			buildSettings = {
				CODE_SIGN_ENTITLEMENTS = "$(TARGET_NAME)/Supporting Files/Entitlements.entitlements";
				CODE_SIGN_STYLE = Automatic;
				DEVELOPMENT_TEAM = YF6GMG9Q86;
				ENABLE_HARDENED_RUNTIME = YES;
				GCC_PRECOMPILE_PREFIX_HEADER = YES;
				INFOPLIST_FILE = "$(TARGET_NAME)/Supporting Files/Info.plist";
				PRODUCT_BUNDLE_IDENTIFIER = com.finnvoorhees.SwiftUIFX;
				PRODUCT_NAME = "SwiftUIFX Mac";
				SWIFT_VERSION = 6.0;
			};
			name = Debug;
		};
		6ED15EF72CD55F12005E38B1 /* Release */ = {
			isa = XCBuildConfiguration;
			baseConfigurationReference = 6ED1605E2CD936FF005E38B1 /* Config.xcconfig */;
			buildSettings = {
				CODE_SIGN_ENTITLEMENTS = "$(TARGET_NAME)/Supporting Files/Entitlements.entitlements";
				CODE_SIGN_STYLE = Automatic;
				DEVELOPMENT_TEAM = YF6GMG9Q86;
				ENABLE_HARDENED_RUNTIME = YES;
				GCC_PRECOMPILE_PREFIX_HEADER = YES;
				INFOPLIST_FILE = "$(TARGET_NAME)/Supporting Files/Info.plist";
				PRODUCT_BUNDLE_IDENTIFIER = com.finnvoorhees.SwiftUIFX;
				PRODUCT_NAME = "SwiftUIFX Mac";
				SWIFT_VERSION = 6.0;
			};
			name = Release;
		};
		6ED15EF92CD55F12005E38B1 /* Debug */ = {
			isa = XCBuildConfiguration;
			baseConfigurationReference = 6ED1605E2CD936FF005E38B1 /* Config.xcconfig */;
			buildSettings = {
				ADDITIONAL_SDKS = /Library/Developer/SDKs/FxPlug.sdk;
				ALWAYS_SEARCH_USER_PATHS = NO;
				ASSETCATALOG_COMPILER_GENERATE_SWIFT_ASSET_SYMBOL_EXTENSIONS = YES;
				CLANG_ANALYZER_NONNULL = YES;
				CLANG_ANALYZER_NUMBER_OBJECT_CONVERSION = YES_AGGRESSIVE;
				CLANG_CXX_LANGUAGE_STANDARD = "gnu++20";
				CLANG_ENABLE_MODULES = YES;
				CLANG_ENABLE_OBJC_ARC = NO;
				CLANG_ENABLE_OBJC_WEAK = YES;
				CLANG_WARN_BLOCK_CAPTURE_AUTORELEASING = YES;
				CLANG_WARN_BOOL_CONVERSION = YES;
				CLANG_WARN_COMMA = YES;
				CLANG_WARN_CONSTANT_CONVERSION = YES;
				CLANG_WARN_DEPRECATED_OBJC_IMPLEMENTATIONS = YES;
				CLANG_WARN_DIRECT_OBJC_ISA_USAGE = YES_ERROR;
				CLANG_WARN_DOCUMENTATION_COMMENTS = YES;
				CLANG_WARN_EMPTY_BODY = YES;
				CLANG_WARN_ENUM_CONVERSION = YES;
				CLANG_WARN_INFINITE_RECURSION = YES;
				CLANG_WARN_INT_CONVERSION = YES;
				CLANG_WARN_NON_LITERAL_NULL_CONVERSION = YES;
				CLANG_WARN_OBJC_IMPLICIT_RETAIN_SELF = YES;
				CLANG_WARN_OBJC_LITERAL_CONVERSION = YES;
				CLANG_WARN_OBJC_ROOT_CLASS = YES_ERROR;
				CLANG_WARN_QUOTED_INCLUDE_IN_FRAMEWORK_HEADER = YES;
				CLANG_WARN_RANGE_LOOP_ANALYSIS = YES;
				CLANG_WARN_STRICT_PROTOTYPES = YES;
				CLANG_WARN_SUSPICIOUS_MOVE = YES;
				CLANG_WARN_UNGUARDED_AVAILABILITY = YES_AGGRESSIVE;
				CLANG_WARN_UNREACHABLE_CODE = YES;
				CLANG_WARN__DUPLICATE_METHOD_MATCH = YES;
				COPY_PHASE_STRIP = NO;
				DEBUG_INFORMATION_FORMAT = dwarf;
				ENABLE_STRICT_OBJC_MSGSEND = YES;
				ENABLE_TESTABILITY = YES;
				ENABLE_USER_SCRIPT_SANDBOXING = YES;
				FRAMEWORK_SEARCH_PATHS = (
					/Library/Frameworks,
					"$(inherited)",
				);
				GCC_C_LANGUAGE_STANDARD = gnu17;
				GCC_DYNAMIC_NO_PIC = NO;
				GCC_ENABLE_OBJC_EXCEPTIONS = YES;
				GCC_NO_COMMON_BLOCKS = YES;
				GCC_OPTIMIZATION_LEVEL = 0;
				GCC_PREPROCESSOR_DEFINITIONS = (
					"DEBUG=1",
					"$(inherited)",
				);
				GCC_WARN_64_TO_32_BIT_CONVERSION = YES;
				GCC_WARN_ABOUT_RETURN_TYPE = YES_ERROR;
				GCC_WARN_UNDECLARED_SELECTOR = YES;
				GCC_WARN_UNINITIALIZED_AUTOS = YES_AGGRESSIVE;
				GCC_WARN_UNUSED_FUNCTION = YES;
				GCC_WARN_UNUSED_VARIABLE = YES;
				LOCALIZATION_PREFERS_STRING_CATALOGS = YES;
				MACOSX_DEPLOYMENT_TARGET = 15.0;
				MTL_ENABLE_DEBUG_INFO = INCLUDE_SOURCE;
				MTL_FAST_MATH = YES;
				ONLY_ACTIVE_ARCH = YES;
				SDKROOT = macosx;
				SWIFT_ACTIVE_COMPILATION_CONDITIONS = "DEBUG $(inherited)";
				SWIFT_OPTIMIZATION_LEVEL = "-Onone";
				SWIFT_VERSION = 5;
			};
			name = Debug;
		};
		6ED15EFA2CD55F12005E38B1 /* Release */ = {
			isa = XCBuildConfiguration;
			baseConfigurationReference = 6ED1605E2CD936FF005E38B1 /* Config.xcconfig */;
			buildSettings = {
				ADDITIONAL_SDKS = /Library/Developer/SDKs/FxPlug.sdk;
				ALWAYS_SEARCH_USER_PATHS = NO;
				ASSETCATALOG_COMPILER_GENERATE_SWIFT_ASSET_SYMBOL_EXTENSIONS = YES;
				CLANG_ANALYZER_NONNULL = YES;
				CLANG_ANALYZER_NUMBER_OBJECT_CONVERSION = YES_AGGRESSIVE;
				CLANG_CXX_LANGUAGE_STANDARD = "gnu++20";
				CLANG_ENABLE_MODULES = YES;
				CLANG_ENABLE_OBJC_ARC = NO;
				CLANG_ENABLE_OBJC_WEAK = YES;
				CLANG_WARN_BLOCK_CAPTURE_AUTORELEASING = YES;
				CLANG_WARN_BOOL_CONVERSION = YES;
				CLANG_WARN_COMMA = YES;
				CLANG_WARN_CONSTANT_CONVERSION = YES;
				CLANG_WARN_DEPRECATED_OBJC_IMPLEMENTATIONS = YES;
				CLANG_WARN_DIRECT_OBJC_ISA_USAGE = YES_ERROR;
				CLANG_WARN_DOCUMENTATION_COMMENTS = YES;
				CLANG_WARN_EMPTY_BODY = YES;
				CLANG_WARN_ENUM_CONVERSION = YES;
				CLANG_WARN_INFINITE_RECURSION = YES;
				CLANG_WARN_INT_CONVERSION = YES;
				CLANG_WARN_NON_LITERAL_NULL_CONVERSION = YES;
				CLANG_WARN_OBJC_IMPLICIT_RETAIN_SELF = YES;
				CLANG_WARN_OBJC_LITERAL_CONVERSION = YES;
				CLANG_WARN_OBJC_ROOT_CLASS = YES_ERROR;
				CLANG_WARN_QUOTED_INCLUDE_IN_FRAMEWORK_HEADER = YES;
				CLANG_WARN_RANGE_LOOP_ANALYSIS = YES;
				CLANG_WARN_STRICT_PROTOTYPES = YES;
				CLANG_WARN_SUSPICIOUS_MOVE = YES;
				CLANG_WARN_UNGUARDED_AVAILABILITY = YES_AGGRESSIVE;
				CLANG_WARN_UNREACHABLE_CODE = YES;
				CLANG_WARN__DUPLICATE_METHOD_MATCH = YES;
				COPY_PHASE_STRIP = NO;
				DEBUG_INFORMATION_FORMAT = "dwarf-with-dsym";
				ENABLE_NS_ASSERTIONS = NO;
				ENABLE_STRICT_OBJC_MSGSEND = YES;
				ENABLE_USER_SCRIPT_SANDBOXING = YES;
				FRAMEWORK_SEARCH_PATHS = (
					/Library/Frameworks,
					"$(inherited)",
				);
				GCC_C_LANGUAGE_STANDARD = gnu17;
				GCC_ENABLE_OBJC_EXCEPTIONS = YES;
				GCC_NO_COMMON_BLOCKS = YES;
				GCC_WARN_64_TO_32_BIT_CONVERSION = YES;
				GCC_WARN_ABOUT_RETURN_TYPE = YES_ERROR;
				GCC_WARN_UNDECLARED_SELECTOR = YES;
				GCC_WARN_UNINITIALIZED_AUTOS = YES_AGGRESSIVE;
				GCC_WARN_UNUSED_FUNCTION = YES;
				GCC_WARN_UNUSED_VARIABLE = YES;
				LOCALIZATION_PREFERS_STRING_CATALOGS = YES;
				MACOSX_DEPLOYMENT_TARGET = 15.0;
				MTL_ENABLE_DEBUG_INFO = NO;
				MTL_FAST_MATH = YES;
				SDKROOT = macosx;
				SWIFT_COMPILATION_MODE = wholemodule;
				SWIFT_VERSION = 5;
			};
			name = Release;
		};
/* End XCBuildConfiguration section */

/* Begin XCConfigurationList section */
		6ED15EAE2CD55F12005E38B1 /* Build configuration list for PBXProject "SwiftUIFX" */ = {
			isa = XCConfigurationList;
			buildConfigurations = (
				6ED15EF92CD55F12005E38B1 /* Debug */,
				6ED15EFA2CD55F12005E38B1 /* Release */,
			);
			defaultConfigurationIsVisible = 0;
			defaultConfigurationName = Release;
		};
		6ED15EF12CD55F12005E38B1 /* Build configuration list for PBXNativeTarget "Plugin" */ = {
			isa = XCConfigurationList;
			buildConfigurations = (
				6ED15EF22CD55F12005E38B1 /* Debug */,
				6ED15EF32CD55F12005E38B1 /* Release */,
			);
			defaultConfigurationIsVisible = 0;
			defaultConfigurationName = Release;
		};
		6ED15EF52CD55F12005E38B1 /* Build configuration list for PBXNativeTarget "macOS App" */ = {
			isa = XCConfigurationList;
			buildConfigurations = (
				6ED15EF62CD55F12005E38B1 /* Debug */,
				6ED15EF72CD55F12005E38B1 /* Release */,
			);
			defaultConfigurationIsVisible = 0;
			defaultConfigurationName = Release;
		};
/* End XCConfigurationList section */

/* Begin XCLocalSwiftPackageReference section */
		6EAB61492CD953150061B077 /* XCLocalSwiftPackageReference "../SwiftUIFX" */ = {
			isa = XCLocalSwiftPackageReference;
			relativePath = ../SwiftUIFX;
		};
/* End XCLocalSwiftPackageReference section */

/* Begin XCSwiftPackageProductDependency section */
		6EDFED742CE2B3A5003C1B4F /* SwiftUIFX */ = {
			isa = XCSwiftPackageProductDependency;
			package = 6EAB61492CD953150061B077 /* XCLocalSwiftPackageReference "../SwiftUIFX" */;
			productName = SwiftUIFX;
		};
/* End XCSwiftPackageProductDependency section */
	};
	rootObject = 6ED15EAB2CD55F12005E38B1 /* Project object */;
}
